
Microsoft Visual Studio Solution File, Format Version 12.00
# Visual Studio Version 17
VisualStudioVersion = 17.9.34622.214
MinimumVisualStudioVersion = 10.0.40219.1
Project("{9A19103F-16F7-4668-BE54-9A1E7A4F7556}") = "WebApp", "WebApp\WebApp.csproj", "{C5570925-ECAE-48EF-A0F0-DDFB68CDD08C}"
EndProject
Project("{9A19103F-16F7-4668-BE54-9A1E7A4F7556}") = "Contracts", "Contracts\Contracts.csproj", "{0B3A35E6-19B0-40D4-8AAB-B82A90965499}"
EndProject
Project("{9A19103F-16F7-4668-BE54-9A1E7A4F7556}") = "LoggerService", "LoggerService\LoggerService.csproj", "{B67E57AB-5E5C-4DB2-BDE2-30127FED3500}"
EndProject
Project("{FAE04EC0-301F-11D3-BF4B-00C04F79EFBC}") = "Entities", "Entities\Entities.csproj", "{44E7F349-6BFB-47A5-92A1-C7F3C7268998}"
EndProject
Project("{FAE04EC0-301F-11D3-BF4B-00C04F79EFBC}") = "Repository", "Repository\Repository.csproj", "{1288CD93-CF87-4828-9700-D17FCF330AA9}"
EndProject
Global
	GlobalSection(SolutionConfigurationPlatforms) = preSolution
		Debug|Any CPU = Debug|Any CPU
		Release|Any CPU = Release|Any CPU
	EndGlobalSection
	GlobalSection(ProjectConfigurationPlatforms) = postSolution
		{C5570925-ECAE-48EF-A0F0-DDFB68CDD08C}.Debug|Any CPU.ActiveCfg = Debug|Any CPU
		{C5570925-ECAE-48EF-A0F0-DDFB68CDD08C}.Debug|Any CPU.Build.0 = Debug|Any CPU
		{C5570925-ECAE-48EF-A0F0-DDFB68CDD08C}.Release|Any CPU.ActiveCfg = Release|Any CPU
		{C5570925-ECAE-48EF-A0F0-DDFB68CDD08C}.Release|Any CPU.Build.0 = Release|Any CPU
		{0B3A35E6-19B0-40D4-8AAB-B82A90965499}.Debug|Any CPU.ActiveCfg = Debug|Any CPU
		{0B3A35E6-19B0-40D4-8AAB-B82A90965499}.Debug|Any CPU.Build.0 = Debug|Any CPU
		{0B3A35E6-19B0-40D4-8AAB-B82A90965499}.Release|Any CPU.ActiveCfg = Release|Any CPU
		{0B3A35E6-19B0-40D4-8AAB-B82A90965499}.Release|Any CPU.Build.0 = Release|Any CPU
		{B67E57AB-5E5C-4DB2-BDE2-30127FED3500}.Debug|Any CPU.ActiveCfg = Debug|Any CPU
		{B67E57AB-5E5C-4DB2-BDE2-30127FED3500}.Debug|Any CPU.Build.0 = Debug|Any CPU
		{B67E57AB-5E5C-4DB2-BDE2-30127FED3500}.Release|Any CPU.ActiveCfg = Release|Any CPU
		{B67E57AB-5E5C-4DB2-BDE2-30127FED3500}.Release|Any CPU.Build.0 = Release|Any CPU
		{44E7F349-6BFB-47A5-92A1-C7F3C7268998}.Debug|Any CPU.ActiveCfg = Debug|Any CPU
		{44E7F349-6BFB-47A5-92A1-C7F3C7268998}.Debug|Any CPU.Build.0 = Debug|Any CPU
		{44E7F349-6BFB-47A5-92A1-C7F3C7268998}.Release|Any CPU.ActiveCfg = Release|Any CPU
		{44E7F349-6BFB-47A5-92A1-C7F3C7268998}.Release|Any CPU.Build.0 = Release|Any CPU
		{1288CD93-CF87-4828-9700-D17FCF330AA9}.Debug|Any CPU.ActiveCfg = Debug|Any CPU
		{1288CD93-CF87-4828-9700-D17FCF330AA9}.Debug|Any CPU.Build.0 = Debug|Any CPU
		{1288CD93-CF87-4828-9700-D17FCF330AA9}.Release|Any CPU.ActiveCfg = Release|Any CPU
		{1288CD93-CF87-4828-9700-D17FCF330AA9}.Release|Any CPU.Build.0 = Release|Any CPU
	EndGlobalSection
	GlobalSection(SolutionProperties) = preSolution
		HideSolutionNode = FALSE
	EndGlobalSection
	GlobalSection(ExtensibilityGlobals) = postSolution
		SolutionGuid = {514AA0DC-AD66-4833-8AFE-B2024DA8DFB4}
	EndGlobalSection
EndGlobal
